
Microsoft Visual Studio Solution File, Format Version 12.00
# Visual Studio Version 17
VisualStudioVersion = 17.14.37012.4
MinimumVisualStudioVersion = 10.0.40219.1
Project("{FAE04EC0-301F-11D3-BF4B-00C04F79EFBC}") = "ChatRoom.API", "ChatRoom.API\ChatRoom.API.csproj", "{57600BEF-6F2D-485D-B8AC-D9107192707F}"
EndProject
Project("{FAE04EC0-301F-11D3-BF4B-00C04F79EFBC}") = "ChatRoom.Domain", "ChatRoom.Domain\ChatRoom.Domain.csproj", "{E3CD6610-4079-4BB1-A544-7D2E5F5CEC33}"
EndProject
Project("{FAE04EC0-301F-11D3-BF4B-00C04F79EFBC}") = "ChatRoom.Application", "ChatRoom.Application\ChatRoom.Application.csproj", "{648E4C95-025D-44A1-BD91-9C89D8E5B975}"
EndProject
Project("{FAE04EC0-301F-11D3-BF4B-00C04F79EFBC}") = "ChatRoom.Infrastructure", "ChatRoom.Infrastructure\ChatRoom.Infrastructure.csproj", "{B766A37B-6025-3E68-7434-21115703BDF9}"
EndProject
Global
	GlobalSection(SolutionConfigurationPlatforms) = preSolution
		Debug|Any CPU = Debug|Any CPU
		Release|Any CPU = Release|Any CPU
	EndGlobalSection
	GlobalSection(ProjectConfigurationPlatforms) = postSolution
		{57600BEF-6F2D-485D-B8AC-D9107192707F}.Debug|Any CPU.ActiveCfg = Debug|Any CPU
		{57600BEF-6F2D-485D-B8AC-D9107192707F}.Debug|Any CPU.Build.0 = Debug|Any CPU
		{57600BEF-6F2D-485D-B8AC-D9107192707F}.Release|Any CPU.ActiveCfg = Release|Any CPU
		{57600BEF-6F2D-485D-B8AC-D9107192707F}.Release|Any CPU.Build.0 = Release|Any CPU
		{E3CD6610-4079-4BB1-A544-7D2E5F5CEC33}.Debug|Any CPU.ActiveCfg = Debug|Any CPU
		{E3CD6610-4079-4BB1-A544-7D2E5F5CEC33}.Debug|Any CPU.Build.0 = Debug|Any CPU
		{E3CD6610-4079-4BB1-A544-7D2E5F5CEC33}.Release|Any CPU.ActiveCfg = Release|Any CPU
		{E3CD6610-4079-4BB1-A544-7D2E5F5CEC33}.Release|Any CPU.Build.0 = Release|Any CPU
		{648E4C95-025D-44A1-BD91-9C89D8E5B975}.Debug|Any CPU.ActiveCfg = Debug|Any CPU
		{648E4C95-025D-44A1-BD91-9C89D8E5B975}.Debug|Any CPU.Build.0 = Debug|Any CPU
		{648E4C95-025D-44A1-BD91-9C89D8E5B975}.Release|Any CPU.ActiveCfg = Release|Any CPU
		{648E4C95-025D-44A1-BD91-9C89D8E5B975}.Release|Any CPU.Build.0 = Release|Any CPU
		{B766A37B-6025-3E68-7434-21115703BDF9}.Debug|Any CPU.ActiveCfg = Debug|Any CPU
		{B766A37B-6025-3E68-7434-21115703BDF9}.Debug|Any CPU.Build.0 = Debug|Any CPU
		{B766A37B-6025-3E68-7434-21115703BDF9}.Release|Any CPU.ActiveCfg = Release|Any CPU
		{B766A37B-6025-3E68-7434-21115703BDF9}.Release|Any CPU.Build.0 = Release|Any CPU
	EndGlobalSection
	GlobalSection(SolutionProperties) = preSolution
		HideSolutionNode = FALSE
	EndGlobalSection
	GlobalSection(ExtensibilityGlobals) = postSolution
		SolutionGuid = {160EADE0-02CE-40F4-B9E4-E5EF93563513}
	EndGlobalSection
EndGlobal
